# This file is automatically @generated by Cargo.
# It is not intended for manual editing.
version = 3

[[package]]
name = "log"
version = "0.4.22"
source = "registry+https://github.com/rust-lang/crates.io-index"
checksum = "a7a70ba024b9dc04c27ea2f0c0548feb474ec5c54bba33a7f72f873a39d07b24"

[[package]]
name = "memchr"
version = "2.7.4"
source = "registry+https://github.com/rust-lang/crates.io-index"
checksum = "78ca9ab1a0babb1e7d5695e3530886289c18cf2f87ec19a575a0abdce112e3a3"

[[package]]
name = "minimal-lexical"
version = "0.2.1"
source = "registry+https://github.com/rust-lang/crates.io-index"
checksum = "68354c5c6bd36d73ff3feceb05efa59b6acb7626617f4962be322a825e61f79a"

[[package]]
name = "nom"
version = "7.1.3"
source = "registry+https://github.com/rust-lang/crates.io-index"
checksum = "d273983c5a657a70a3e8f2a01329822f3b8c8172b73826411a55751e404a0a4a"
dependencies = [
 "memchr",
 "minimal-lexical",
]

[[package]]
name = "once_cell"
version = "1.19.0"
source = "registry+https://github.com/rust-lang/crates.io-index"
checksum = "3fdb12b2476b595f9358c5161aa467c2438859caa136dec86c26fdd2efe17b92"

[[package]]
name = "proc-macro2"
version = "1.0.86"
source = "registry+https://github.com/rust-lang/crates.io-index"
checksum = "5e719e8df665df0d1c8fbfd238015744736151d4445ec0836b8e628aae103b77"
dependencies = [
 "unicode-ident",
]

[[package]]
name = "quote"
version = "1.0.36"
source = "registry+https://github.com/rust-lang/crates.io-index"
checksum = "0fa76aaf39101c457836aec0ce2316dbdc3ab723cdda1c6bd4e6ad4208acaca7"
dependencies = [
 "proc-macro2",
]

[[package]]
name = "rust-format"
version = "0.3.4"
source = "registry+https://github.com/rust-lang/crates.io-index"
checksum = "60e7c00b6c3bf5e38a880eec01d7e829d12ca682079f8238a464def3c4b31627"

[[package]]
name = "sqlformat"
version = "0.2.4"
source = "registry+https://github.com/rust-lang/crates.io-index"
checksum = "f895e3734318cc55f1fe66258926c9b910c124d47520339efecbb6c59cec7c1f"
dependencies = [
 "nom",
 "unicode_categories",
]

[[package]]
name = "sqlparser"
version = "0.47.0"
source = "registry+https://github.com/rust-lang/crates.io-index"
checksum = "295e9930cd7a97e58ca2a070541a3ca502b17f5d1fa7157376d0fabd85324f25"
dependencies = [
 "log",
]

[[package]]
name = "sqlx-template"
version = "0.1.0"
dependencies = [
 "once_cell",
 "proc-macro2",
 "quote",
 "rust-format",
 "sqlformat",
 "sqlparser",
 "syn",
]

[[package]]
name = "syn"
version = "1.0.109"
source = "registry+https://github.com/rust-lang/crates.io-index"
checksum = "72b64191b275b66ffe2469e8af2c1cfe3bafa67b529ead792a6d0160888b4237"
dependencies = [
 "proc-macro2",
 "quote",
 "unicode-ident",
]

[[package]]
name = "unicode-ident"
version = "1.0.12"
source = "registry+https://github.com/rust-lang/crates.io-index"
checksum = "3354b9ac3fae1ff6755cb6db53683adb661634f67557942dea4facebec0fee4b"

[[package]]
name = "unicode_categories"
version = "0.1.1"
source = "registry+https://github.com/rust-lang/crates.io-index"
checksum = "39ec24b3121d976906ece63c9daad25b85969647682eee313cb5779fdd69e14e"
